
Microsoft Visual Studio Solution File, Format Version 12.00
# Visual Studio Version 16
VisualStudioVersion = 16.0.31410.357
MinimumVisualStudioVersion = 10.0.40219.1
Project("{9A19103F-16F7-4668-BE54-9A1E7A4F7556}") = "ConsoleApp10Zad2", "ConsoleApp10\ConsoleApp10Zad2.csproj", "{9B0301D0-CCB9-4128-ABAE-123F15A5A4EF}"
EndProject
Project("{9A19103F-16F7-4668-BE54-9A1E7A4F7556}") = "ConsoleApp10Zad3", "ConsoleApp10Zad3\ConsoleApp10Zad3.csproj", "{9066AEDB-F625-42C1-8B82-2E50AEB800DE}"
EndProject
Project("{9A19103F-16F7-4668-BE54-9A1E7A4F7556}") = "ConsoleApp10Zad4", "ConsoleApp10Zad4\ConsoleApp10Zad4.csproj", "{69DB4BC3-75DC-447A-9E13-8D24C33DE82F}"
EndProject
Project("{9A19103F-16F7-4668-BE54-9A1E7A4F7556}") = "ConsoleApp14Zad4", "ConsoleApp14Zad4\ConsoleApp14Zad4.csproj", "{0C0BAF76-26D2-457C-85A1-C6BA5C0CE23A}"
EndProject
Project("{9A19103F-16F7-4668-BE54-9A1E7A4F7556}") = "ConsoleApp14Zad2", "ConsoleApp14Zad2\ConsoleApp14Zad2.csproj", "{51B7936D-B2DB-4B53-98A1-F5250480E3B0}"
EndProject
Project("{9A19103F-16F7-4668-BE54-9A1E7A4F7556}") = "ConsoleApp14Zad3", "ConsoleApp14Zad3\ConsoleApp14Zad3.csproj", "{218E1B9D-6253-4265-A2A4-C0CAB997BB5E}"
EndProject
Project("{FAE04EC0-301F-11D3-BF4B-00C04F79EFBC}") = "ConsoleApp17Zad2", "ConsoleApp17Zad2\ConsoleApp17Zad2.csproj", "{7758C5EB-1917-458F-90B8-41ACC5740ECA}"
EndProject
Project("{FAE04EC0-301F-11D3-BF4B-00C04F79EFBC}") = "ConsoleApp17Zad3", "ConsoleApp17Zad3\ConsoleApp17Zad3.csproj", "{16C5DD8F-FC8D-409B-824E-D50359802DC6}"
EndProject
Global
	GlobalSection(SolutionConfigurationPlatforms) = preSolution
		Debug|Any CPU = Debug|Any CPU
		Release|Any CPU = Release|Any CPU
	EndGlobalSection
	GlobalSection(ProjectConfigurationPlatforms) = postSolution
		{9B0301D0-CCB9-4128-ABAE-123F15A5A4EF}.Debug|Any CPU.ActiveCfg = Debug|Any CPU
		{9B0301D0-CCB9-4128-ABAE-123F15A5A4EF}.Debug|Any CPU.Build.0 = Debug|Any CPU
		{9B0301D0-CCB9-4128-ABAE-123F15A5A4EF}.Release|Any CPU.ActiveCfg = Release|Any CPU
		{9B0301D0-CCB9-4128-ABAE-123F15A5A4EF}.Release|Any CPU.Build.0 = Release|Any CPU
		{9066AEDB-F625-42C1-8B82-2E50AEB800DE}.Debug|Any CPU.ActiveCfg = Debug|Any CPU
		{9066AEDB-F625-42C1-8B82-2E50AEB800DE}.Debug|Any CPU.Build.0 = Debug|Any CPU
		{9066AEDB-F625-42C1-8B82-2E50AEB800DE}.Release|Any CPU.ActiveCfg = Release|Any CPU
		{9066AEDB-F625-42C1-8B82-2E50AEB800DE}.Release|Any CPU.Build.0 = Release|Any CPU
		{69DB4BC3-75DC-447A-9E13-8D24C33DE82F}.Debug|Any CPU.ActiveCfg = Debug|Any CPU
		{69DB4BC3-75DC-447A-9E13-8D24C33DE82F}.Debug|Any CPU.Build.0 = Debug|Any CPU
		{69DB4BC3-75DC-447A-9E13-8D24C33DE82F}.Release|Any CPU.ActiveCfg = Release|Any CPU
		{69DB4BC3-75DC-447A-9E13-8D24C33DE82F}.Release|Any CPU.Build.0 = Release|Any CPU
		{0C0BAF76-26D2-457C-85A1-C6BA5C0CE23A}.Debug|Any CPU.ActiveCfg = Debug|Any CPU
		{0C0BAF76-26D2-457C-85A1-C6BA5C0CE23A}.Debug|Any CPU.Build.0 = Debug|Any CPU
		{0C0BAF76-26D2-457C-85A1-C6BA5C0CE23A}.Release|Any CPU.ActiveCfg = Release|Any CPU
		{0C0BAF76-26D2-457C-85A1-C6BA5C0CE23A}.Release|Any CPU.Build.0 = Release|Any CPU
		{51B7936D-B2DB-4B53-98A1-F5250480E3B0}.Debug|Any CPU.ActiveCfg = Debug|Any CPU
		{51B7936D-B2DB-4B53-98A1-F5250480E3B0}.Debug|Any CPU.Build.0 = Debug|Any CPU
		{51B7936D-B2DB-4B53-98A1-F5250480E3B0}.Release|Any CPU.ActiveCfg = Release|Any CPU
		{51B7936D-B2DB-4B53-98A1-F5250480E3B0}.Release|Any CPU.Build.0 = Release|Any CPU
		{218E1B9D-6253-4265-A2A4-C0CAB997BB5E}.Debug|Any CPU.ActiveCfg = Debug|Any CPU
		{218E1B9D-6253-4265-A2A4-C0CAB997BB5E}.Debug|Any CPU.Build.0 = Debug|Any CPU
		{218E1B9D-6253-4265-A2A4-C0CAB997BB5E}.Release|Any CPU.ActiveCfg = Release|Any CPU
		{218E1B9D-6253-4265-A2A4-C0CAB997BB5E}.Release|Any CPU.Build.0 = Release|Any CPU
		{7758C5EB-1917-458F-90B8-41ACC5740ECA}.Debug|Any CPU.ActiveCfg = Debug|Any CPU
		{7758C5EB-1917-458F-90B8-41ACC5740ECA}.Debug|Any CPU.Build.0 = Debug|Any CPU
		{7758C5EB-1917-458F-90B8-41ACC5740ECA}.Release|Any CPU.ActiveCfg = Release|Any CPU
		{7758C5EB-1917-458F-90B8-41ACC5740ECA}.Release|Any CPU.Build.0 = Release|Any CPU
		{16C5DD8F-FC8D-409B-824E-D50359802DC6}.Debug|Any CPU.ActiveCfg = Debug|Any CPU
		{16C5DD8F-FC8D-409B-824E-D50359802DC6}.Debug|Any CPU.Build.0 = Debug|Any CPU
		{16C5DD8F-FC8D-409B-824E-D50359802DC6}.Release|Any CPU.ActiveCfg = Release|Any CPU
		{16C5DD8F-FC8D-409B-824E-D50359802DC6}.Release|Any CPU.Build.0 = Release|Any CPU
	EndGlobalSection
	GlobalSection(SolutionProperties) = preSolution
		HideSolutionNode = FALSE
	EndGlobalSection
	GlobalSection(ExtensibilityGlobals) = postSolution
		SolutionGuid = {0B3F31CF-8123-48F3-8B0F-C33525F3F53F}
	EndGlobalSection
EndGlobal
